
Microsoft Visual Studio Solution File, Format Version 12.00
# Visual Studio 15
VisualStudioVersion = 15.0.27130.2026
MinimumVisualStudioVersion = 10.0.40219.1
Project("{E24C65DC-7377-472B-9ABA-BC803B73C61A}") = "NumberTranslatorWebsite", "NumberTranslatorWebsite\", "{5AFB4421-E8FC-4FC5-8706-8E232C09212A}"
	ProjectSection(WebsiteProperties) = preProject
		TargetFrameworkMoniker = ".NETFramework,Version%3Dv4.6.1"
		Debug.AspNetCompiler.VirtualPath = "/localhost_53153"
		Debug.AspNetCompiler.PhysicalPath = "NumberTranslatorWebsite\"
		Debug.AspNetCompiler.TargetPath = "PrecompiledWeb\localhost_53153\"
		Debug.AspNetCompiler.Updateable = "true"
		Debug.AspNetCompiler.ForceOverwrite = "true"
		Debug.AspNetCompiler.FixedNames = "false"
		Debug.AspNetCompiler.Debug = "True"
		Release.AspNetCompiler.VirtualPath = "/localhost_53153"
		Release.AspNetCompiler.PhysicalPath = "NumberTranslatorWebsite\"
		Release.AspNetCompiler.TargetPath = "PrecompiledWeb\localhost_53153\"
		Release.AspNetCompiler.Updateable = "true"
		Release.AspNetCompiler.ForceOverwrite = "true"
		Release.AspNetCompiler.FixedNames = "false"
		Release.AspNetCompiler.Debug = "False"
		VWDPort = "53153"
		SlnRelativePath = "NumberTranslatorWebsite\"
		DefaultWebSiteLanguage = "Visual C#"
	EndProjectSection
EndProject
Global
	GlobalSection(SolutionConfigurationPlatforms) = preSolution
		Debug|Any CPU = Debug|Any CPU
	EndGlobalSection
	GlobalSection(ProjectConfigurationPlatforms) = postSolution
		{5AFB4421-E8FC-4FC5-8706-8E232C09212A}.Debug|Any CPU.ActiveCfg = Debug|Any CPU
		{5AFB4421-E8FC-4FC5-8706-8E232C09212A}.Debug|Any CPU.Build.0 = Debug|Any CPU
	EndGlobalSection
	GlobalSection(SolutionProperties) = preSolution
		HideSolutionNode = FALSE
	EndGlobalSection
	GlobalSection(ExtensibilityGlobals) = postSolution
		SolutionGuid = {63231761-B055-4578-BB25-71F47E2914B6}
	EndGlobalSection
EndGlobal
